
Microsoft Visual Studio Solution File, Format Version 12.00
# Blend for Visual Studio Version 16
VisualStudioVersion = 16.0.29806.167
MinimumVisualStudioVersion = 10.0.40219.1
Project("{FAE04EC0-301F-11D3-BF4B-00C04F79EFBC}") = "PrintSpeedTestFinal", "PrintSpeedTestFinal\PrintSpeedTestFinal.csproj", "{0E86AC27-972D-40B2-ABEF-432DCA538CC7}"
EndProject
Project("{2150E333-8FDC-42A3-9474-1A3956D46DE8}") = "Solution Items", "Solution Items", "{0322B671-F4B0-40D5-9C5A-A6038D493FB3}"
	ProjectSection(SolutionItems) = preProject
		PrintSpeedTestFinal\icon.png = PrintSpeedTestFinal\icon.png
	EndProjectSection
EndProject
Global
	GlobalSection(SolutionConfigurationPlatforms) = preSolution
		Debug|Any CPU = Debug|Any CPU
		Release|Any CPU = Release|Any CPU
	EndGlobalSection
	GlobalSection(ProjectConfigurationPlatforms) = postSolution
		{0E86AC27-972D-40B2-ABEF-432DCA538CC7}.Debug|Any CPU.ActiveCfg = Debug|Any CPU
		{0E86AC27-972D-40B2-ABEF-432DCA538CC7}.Debug|Any CPU.Build.0 = Debug|Any CPU
		{0E86AC27-972D-40B2-ABEF-432DCA538CC7}.Release|Any CPU.ActiveCfg = Release|Any CPU
		{0E86AC27-972D-40B2-ABEF-432DCA538CC7}.Release|Any CPU.Build.0 = Release|Any CPU
	EndGlobalSection
	GlobalSection(SolutionProperties) = preSolution
		HideSolutionNode = FALSE
	EndGlobalSection
	GlobalSection(ExtensibilityGlobals) = postSolution
		SolutionGuid = {14D1DBAF-6259-4B13-BD73-B6C65382CE34}
	EndGlobalSection
EndGlobal
